
Microsoft Visual Studio Solution File, Format Version 12.00
# Visual Studio 2013
VisualStudioVersion = 12.0.40629.0
MinimumVisualStudioVersion = 10.0.40219.1
Project("{FAE04EC0-301F-11D3-BF4B-00C04F79EFBC}") = "Dell.Client.Samples.Agent.Plugins", "Dell.Client.Samples.Agent.Plugins\Dell.Client.Samples.Agent.Plugins.csproj", "{C48547A3-649B-4BF4-981E-CB0EF62E5A22}"
EndProject
Project("{FAE04EC0-301F-11D3-BF4B-00C04F79EFBC}") = "Dell.Client.Samples.WcfSample.Client", "Dell.Client.Samples.WcfSample.Client\Dell.Client.Samples.WcfSample.Client.csproj", "{D0EE4604-06AE-4EF2-8F4A-D2BDE2146B5A}"
EndProject
Project("{FAE04EC0-301F-11D3-BF4B-00C04F79EFBC}") = "Dell.Client.Samples.Agent.WinService", "Dell.Client.Samples.Agent.WinService\Dell.Client.Samples.Agent.WinService.csproj", "{66CFFE6F-E41E-4B80-B236-83D093FED008}"
EndProject
Project("{FAE04EC0-301F-11D3-BF4B-00C04F79EFBC}") = "Dell.Client.Samples.Console", "Dell.Client.Samples.Console\Dell.Client.Samples.Console.csproj", "{DE3ED09C-3CD4-4DFB-AE2E-8615490CA0F3}"
EndProject
Project("{FAE04EC0-301F-11D3-BF4B-00C04F79EFBC}") = "Dell.Client.Samples.Console.Plugins", "Dell.Client.Samples.Console.Plugins\Dell.Client.Samples.Console.Plugins.csproj", "{1C66E322-6949-4A71-AE60-9AF0195688FC}"
EndProject
Project("{FAE04EC0-301F-11D3-BF4B-00C04F79EFBC}") = "Dell.Client.Samples.Agent.Plugin.GuiSample", "Dell.Client.Samples.Agent.Plugin.GuiSample\Dell.Client.Samples.Agent.Plugin.GuiSample.csproj", "{C87508E2-8E37-4F73-B619-854CC8A35C0D}"
EndProject
Project("{FAE04EC0-301F-11D3-BF4B-00C04F79EFBC}") = "Dell.Client.Samples.Agent.Plugin.RestSample", "Dell.Client.Samples.Agent.Plugin.RestSample\Dell.Client.Samples.Agent.Plugin.RestSample.csproj", "{BB2773C1-3D34-4C4B-BE39-6F1BDEF24F7E}"
EndProject
Project("{FAE04EC0-301F-11D3-BF4B-00C04F79EFBC}") = "Dell.Client.Samples.Agent.Plugin.MemMonitorListener", "Dell.Client.Samples.Agent.Plugin.MemMonitorListener\Dell.Client.Samples.Agent.Plugin.MemMonitorListener.csproj", "{32AA460D-1164-4435-99FE-B373F51E94F3}"
EndProject
Project("{FAE04EC0-301F-11D3-BF4B-00C04F79EFBC}") = "Dell.Client.Samples.Agent.Plugin.MemMonitor", "Dell.Client.Samples.Agent.Plugin.MemMonitor\Dell.Client.Samples.Agent.Plugin.MemMonitor.csproj", "{ABD0824A-E8C5-426A-B602-7C8B0AFC001D}"
EndProject
Project("{FAE04EC0-301F-11D3-BF4B-00C04F79EFBC}") = "Dell.Client.Samples.Agent.Plugin.HttpRequestProcessor", "Dell.Client.Samples.Agent.Plugin.HttpRequestProcessor\Dell.Client.Samples.Agent.Plugin.HttpRequestProcessor.csproj", "{5D3CD148-D364-4F61-BDB5-D510311FB6C3}"
EndProject
Project("{FAE04EC0-301F-11D3-BF4B-00C04F79EFBC}") = "Dell.Client.Samples.Agent.Plugin.SessionChange", "Dell.Client.Samples.Agent.Plugin.SessionChange\Dell.Client.Samples.Agent.Plugin.SessionChange.csproj", "{B7E42491-414F-42BC-B3CA-2541E809B6EF}"
EndProject
Project("{2150E333-8FDC-42A3-9474-1A3956D46DE8}") = "Solution Items", "Solution Items", "{8931092B-639B-4A38-849F-9FFD6ACC4BA0}"
	ProjectSection(SolutionItems) = preProject
		ReadMe.txt = ReadMe.txt
	EndProjectSection
EndProject
Project("{FAE04EC0-301F-11D3-BF4B-00C04F79EFBC}") = "Dell.Client.Samples.Agent.Plugin.WebServer", "Dell.Client.Samples.Agent.Plugin.WebServer\Dell.Client.Samples.Agent.Plugin.WebServer.csproj", "{4E456173-2951-4DC4-AAD4-47B212F07D3F}"
EndProject
Project("{FAE04EC0-301F-11D3-BF4B-00C04F79EFBC}") = "Dell.Client.Samples.Agent.Plugin", "Dell.Client.Samples.Agent.Plugin\Dell.Client.Samples.Agent.Plugin.csproj", "{FE186CA6-11AA-4A6D-B481-D3CC311A9432}"
EndProject
Project("{FAE04EC0-301F-11D3-BF4B-00C04F79EFBC}") = "Dell.Client.Samples.Agent.ConsoleApp", "Dell.Client.Samples.Agent.ConsoleApp\Dell.Client.Samples.Agent.ConsoleApp.csproj", "{99141786-A0AA-48CB-AF8C-8299304D4D8B}"
EndProject
Global
	GlobalSection(SolutionConfigurationPlatforms) = preSolution
		Debug|Any CPU = Debug|Any CPU
		Release|Any CPU = Release|Any CPU
	EndGlobalSection
	GlobalSection(ProjectConfigurationPlatforms) = postSolution
		{C48547A3-649B-4BF4-981E-CB0EF62E5A22}.Debug|Any CPU.ActiveCfg = Debug|Any CPU
		{C48547A3-649B-4BF4-981E-CB0EF62E5A22}.Debug|Any CPU.Build.0 = Debug|Any CPU
		{C48547A3-649B-4BF4-981E-CB0EF62E5A22}.Release|Any CPU.ActiveCfg = Release|Any CPU
		{C48547A3-649B-4BF4-981E-CB0EF62E5A22}.Release|Any CPU.Build.0 = Release|Any CPU
		{D0EE4604-06AE-4EF2-8F4A-D2BDE2146B5A}.Debug|Any CPU.ActiveCfg = Debug|Any CPU
		{D0EE4604-06AE-4EF2-8F4A-D2BDE2146B5A}.Debug|Any CPU.Build.0 = Debug|Any CPU
		{D0EE4604-06AE-4EF2-8F4A-D2BDE2146B5A}.Release|Any CPU.ActiveCfg = Release|Any CPU
		{D0EE4604-06AE-4EF2-8F4A-D2BDE2146B5A}.Release|Any CPU.Build.0 = Release|Any CPU
		{66CFFE6F-E41E-4B80-B236-83D093FED008}.Debug|Any CPU.ActiveCfg = Debug|Any CPU
		{66CFFE6F-E41E-4B80-B236-83D093FED008}.Debug|Any CPU.Build.0 = Debug|Any CPU
		{66CFFE6F-E41E-4B80-B236-83D093FED008}.Release|Any CPU.ActiveCfg = Release|Any CPU
		{66CFFE6F-E41E-4B80-B236-83D093FED008}.Release|Any CPU.Build.0 = Release|Any CPU
		{DE3ED09C-3CD4-4DFB-AE2E-8615490CA0F3}.Debug|Any CPU.ActiveCfg = Debug|Any CPU
		{DE3ED09C-3CD4-4DFB-AE2E-8615490CA0F3}.Debug|Any CPU.Build.0 = Debug|Any CPU
		{DE3ED09C-3CD4-4DFB-AE2E-8615490CA0F3}.Release|Any CPU.ActiveCfg = Release|Any CPU
		{DE3ED09C-3CD4-4DFB-AE2E-8615490CA0F3}.Release|Any CPU.Build.0 = Release|Any CPU
		{1C66E322-6949-4A71-AE60-9AF0195688FC}.Debug|Any CPU.ActiveCfg = Debug|Any CPU
		{1C66E322-6949-4A71-AE60-9AF0195688FC}.Debug|Any CPU.Build.0 = Debug|Any CPU
		{1C66E322-6949-4A71-AE60-9AF0195688FC}.Release|Any CPU.ActiveCfg = Release|Any CPU
		{1C66E322-6949-4A71-AE60-9AF0195688FC}.Release|Any CPU.Build.0 = Release|Any CPU
		{C87508E2-8E37-4F73-B619-854CC8A35C0D}.Debug|Any CPU.ActiveCfg = Debug|Any CPU
		{C87508E2-8E37-4F73-B619-854CC8A35C0D}.Debug|Any CPU.Build.0 = Debug|Any CPU
		{C87508E2-8E37-4F73-B619-854CC8A35C0D}.Release|Any CPU.ActiveCfg = Release|Any CPU
		{C87508E2-8E37-4F73-B619-854CC8A35C0D}.Release|Any CPU.Build.0 = Release|Any CPU
		{BB2773C1-3D34-4C4B-BE39-6F1BDEF24F7E}.Debug|Any CPU.ActiveCfg = Debug|Any CPU
		{BB2773C1-3D34-4C4B-BE39-6F1BDEF24F7E}.Debug|Any CPU.Build.0 = Debug|Any CPU
		{BB2773C1-3D34-4C4B-BE39-6F1BDEF24F7E}.Release|Any CPU.ActiveCfg = Release|Any CPU
		{BB2773C1-3D34-4C4B-BE39-6F1BDEF24F7E}.Release|Any CPU.Build.0 = Release|Any CPU
		{32AA460D-1164-4435-99FE-B373F51E94F3}.Debug|Any CPU.ActiveCfg = Debug|Any CPU
		{32AA460D-1164-4435-99FE-B373F51E94F3}.Debug|Any CPU.Build.0 = Debug|Any CPU
		{32AA460D-1164-4435-99FE-B373F51E94F3}.Release|Any CPU.ActiveCfg = Release|Any CPU
		{32AA460D-1164-4435-99FE-B373F51E94F3}.Release|Any CPU.Build.0 = Release|Any CPU
		{ABD0824A-E8C5-426A-B602-7C8B0AFC001D}.Debug|Any CPU.ActiveCfg = Debug|Any CPU
		{ABD0824A-E8C5-426A-B602-7C8B0AFC001D}.Debug|Any CPU.Build.0 = Debug|Any CPU
		{ABD0824A-E8C5-426A-B602-7C8B0AFC001D}.Release|Any CPU.ActiveCfg = Release|Any CPU
		{ABD0824A-E8C5-426A-B602-7C8B0AFC001D}.Release|Any CPU.Build.0 = Release|Any CPU
		{5D3CD148-D364-4F61-BDB5-D510311FB6C3}.Debug|Any CPU.ActiveCfg = Debug|Any CPU
		{5D3CD148-D364-4F61-BDB5-D510311FB6C3}.Debug|Any CPU.Build.0 = Debug|Any CPU
		{5D3CD148-D364-4F61-BDB5-D510311FB6C3}.Release|Any CPU.ActiveCfg = Release|Any CPU
		{5D3CD148-D364-4F61-BDB5-D510311FB6C3}.Release|Any CPU.Build.0 = Release|Any CPU
		{B7E42491-414F-42BC-B3CA-2541E809B6EF}.Debug|Any CPU.ActiveCfg = Debug|Any CPU
		{B7E42491-414F-42BC-B3CA-2541E809B6EF}.Debug|Any CPU.Build.0 = Debug|Any CPU
		{B7E42491-414F-42BC-B3CA-2541E809B6EF}.Release|Any CPU.ActiveCfg = Release|Any CPU
		{B7E42491-414F-42BC-B3CA-2541E809B6EF}.Release|Any CPU.Build.0 = Release|Any CPU
		{4E456173-2951-4DC4-AAD4-47B212F07D3F}.Debug|Any CPU.ActiveCfg = Debug|Any CPU
		{4E456173-2951-4DC4-AAD4-47B212F07D3F}.Debug|Any CPU.Build.0 = Debug|Any CPU
		{4E456173-2951-4DC4-AAD4-47B212F07D3F}.Release|Any CPU.ActiveCfg = Release|Any CPU
		{4E456173-2951-4DC4-AAD4-47B212F07D3F}.Release|Any CPU.Build.0 = Release|Any CPU
		{FE186CA6-11AA-4A6D-B481-D3CC311A9432}.Debug|Any CPU.ActiveCfg = Debug|Any CPU
		{FE186CA6-11AA-4A6D-B481-D3CC311A9432}.Debug|Any CPU.Build.0 = Debug|Any CPU
		{FE186CA6-11AA-4A6D-B481-D3CC311A9432}.Release|Any CPU.ActiveCfg = Release|Any CPU
		{FE186CA6-11AA-4A6D-B481-D3CC311A9432}.Release|Any CPU.Build.0 = Release|Any CPU
		{99141786-A0AA-48CB-AF8C-8299304D4D8B}.Debug|Any CPU.ActiveCfg = Debug|Any CPU
		{99141786-A0AA-48CB-AF8C-8299304D4D8B}.Debug|Any CPU.Build.0 = Debug|Any CPU
		{99141786-A0AA-48CB-AF8C-8299304D4D8B}.Release|Any CPU.ActiveCfg = Release|Any CPU
		{99141786-A0AA-48CB-AF8C-8299304D4D8B}.Release|Any CPU.Build.0 = Release|Any CPU
	EndGlobalSection
	GlobalSection(SolutionProperties) = preSolution
		HideSolutionNode = FALSE
	EndGlobalSection
EndGlobal
