
Microsoft Visual Studio Solution File, Format Version 12.00
# Visual Studio 15
VisualStudioVersion = 15.0.26430.12
MinimumVisualStudioVersion = 10.0.40219.1
Project("{8BC9CEB8-8B4A-11D0-8D11-00A0C91BC942}") = "OptionalPackage", "OptionalPackage\OptionalPackage.vcxproj", "{15195583-7E99-4F0E-B15F-4E37C06DEF87}"
	ProjectSection(ProjectDependencies) = postProject
		{319F340B-A6F2-4D0B-BE89-F61C19FFCA19} = {319F340B-A6F2-4D0B-BE89-F61C19FFCA19}
		{8604F491-8867-4294-B06E-CCA7B395D4DC} = {8604F491-8867-4294-B06E-CCA7B395D4DC}
	EndProjectSection
EndProject
Project("{8BC9CEB8-8B4A-11D0-8D11-00A0C91BC942}") = "NativeUIPlugin", "NativeUIPlugin\NativeUIPlugin.vcxproj", "{8604F491-8867-4294-B06E-CCA7B395D4DC}"
EndProject
Project("{FAE04EC0-301F-11D3-BF4B-00C04F79EFBC}") = "ManagedUIPlugin", "ManagedUIPlugin\ManagedUIPlugin.csproj", "{319F340B-A6F2-4D0B-BE89-F61C19FFCA19}"
EndProject
Global
	GlobalSection(SolutionConfigurationPlatforms) = preSolution
		Debug|x86 = Debug|x86
		Release|x86 = Release|x86
	EndGlobalSection
	GlobalSection(ProjectConfigurationPlatforms) = postSolution
		{15195583-7E99-4F0E-B15F-4E37C06DEF87}.Debug|x86.ActiveCfg = Debug|Win32
		{15195583-7E99-4F0E-B15F-4E37C06DEF87}.Debug|x86.Build.0 = Debug|Win32
		{15195583-7E99-4F0E-B15F-4E37C06DEF87}.Debug|x86.Deploy.0 = Debug|Win32
		{15195583-7E99-4F0E-B15F-4E37C06DEF87}.Release|x86.ActiveCfg = Release|Win32
		{15195583-7E99-4F0E-B15F-4E37C06DEF87}.Release|x86.Build.0 = Release|Win32
		{15195583-7E99-4F0E-B15F-4E37C06DEF87}.Release|x86.Deploy.0 = Release|Win32
		{8604F491-8867-4294-B06E-CCA7B395D4DC}.Debug|x86.ActiveCfg = Debug|Win32
		{8604F491-8867-4294-B06E-CCA7B395D4DC}.Debug|x86.Build.0 = Debug|Win32
		{8604F491-8867-4294-B06E-CCA7B395D4DC}.Release|x86.ActiveCfg = Release|Win32
		{8604F491-8867-4294-B06E-CCA7B395D4DC}.Release|x86.Build.0 = Release|Win32
		{319F340B-A6F2-4D0B-BE89-F61C19FFCA19}.Debug|x86.ActiveCfg = Debug|x86
		{319F340B-A6F2-4D0B-BE89-F61C19FFCA19}.Debug|x86.Build.0 = Debug|x86
		{319F340B-A6F2-4D0B-BE89-F61C19FFCA19}.Release|x86.ActiveCfg = Release|x86
		{319F340B-A6F2-4D0B-BE89-F61C19FFCA19}.Release|x86.Build.0 = Release|x86
	EndGlobalSection
	GlobalSection(SolutionProperties) = preSolution
		HideSolutionNode = FALSE
	EndGlobalSection
EndGlobal
