
Microsoft Visual Studio Solution File, Format Version 12.00
# Visual Studio 15
VisualStudioVersion = 15.0.27004.2002
MinimumVisualStudioVersion = 10.0.40219.1
Project("{FAE04EC0-301F-11D3-BF4B-00C04F79EFBC}") = "CropApp", "CropApp\CropApp.csproj", "{390EE94F-E350-4C3B-8C93-6DE2A11550F6}"
EndProject
Global
	GlobalSection(SolutionConfigurationPlatforms) = preSolution
		Debug|ARM = Debug|ARM
		Debug|x64 = Debug|x64
		Debug|x86 = Debug|x86
		Release|ARM = Release|ARM
		Release|x64 = Release|x64
		Release|x86 = Release|x86
	EndGlobalSection
	GlobalSection(ProjectConfigurationPlatforms) = postSolution
		{390EE94F-E350-4C3B-8C93-6DE2A11550F6}.Debug|ARM.ActiveCfg = Debug|ARM
		{390EE94F-E350-4C3B-8C93-6DE2A11550F6}.Debug|ARM.Build.0 = Debug|ARM
		{390EE94F-E350-4C3B-8C93-6DE2A11550F6}.Debug|ARM.Deploy.0 = Debug|ARM
		{390EE94F-E350-4C3B-8C93-6DE2A11550F6}.Debug|x64.ActiveCfg = Debug|x64
		{390EE94F-E350-4C3B-8C93-6DE2A11550F6}.Debug|x64.Build.0 = Debug|x64
		{390EE94F-E350-4C3B-8C93-6DE2A11550F6}.Debug|x64.Deploy.0 = Debug|x64
		{390EE94F-E350-4C3B-8C93-6DE2A11550F6}.Debug|x86.ActiveCfg = Debug|x86
		{390EE94F-E350-4C3B-8C93-6DE2A11550F6}.Debug|x86.Build.0 = Debug|x86
		{390EE94F-E350-4C3B-8C93-6DE2A11550F6}.Debug|x86.Deploy.0 = Debug|x86
		{390EE94F-E350-4C3B-8C93-6DE2A11550F6}.Release|ARM.ActiveCfg = Release|ARM
		{390EE94F-E350-4C3B-8C93-6DE2A11550F6}.Release|ARM.Build.0 = Release|ARM
		{390EE94F-E350-4C3B-8C93-6DE2A11550F6}.Release|ARM.Deploy.0 = Release|ARM
		{390EE94F-E350-4C3B-8C93-6DE2A11550F6}.Release|x64.ActiveCfg = Release|x64
		{390EE94F-E350-4C3B-8C93-6DE2A11550F6}.Release|x64.Build.0 = Release|x64
		{390EE94F-E350-4C3B-8C93-6DE2A11550F6}.Release|x64.Deploy.0 = Release|x64
		{390EE94F-E350-4C3B-8C93-6DE2A11550F6}.Release|x86.ActiveCfg = Release|x86
		{390EE94F-E350-4C3B-8C93-6DE2A11550F6}.Release|x86.Build.0 = Release|x86
		{390EE94F-E350-4C3B-8C93-6DE2A11550F6}.Release|x86.Deploy.0 = Release|x86
	EndGlobalSection
	GlobalSection(SolutionProperties) = preSolution
		HideSolutionNode = FALSE
	EndGlobalSection
	GlobalSection(ExtensibilityGlobals) = postSolution
		SolutionGuid = {770BF972-C22A-449E-821F-D73BA1D17D56}
	EndGlobalSection
EndGlobal
