
Microsoft Visual Studio Solution File, Format Version 12.00
# Visual Studio 15
VisualStudioVersion = 15.0.27703.2026
MinimumVisualStudioVersion = 10.0.40219.1
Project("{FAE04EC0-301F-11D3-BF4B-00C04F79EFBC}") = "AWCCUnitTesting", "AWCCUnitTesting\AWCCUnitTesting.csproj", "{F9E205AA-3D48-4CA9-83DA-293C4192A3AA}"
EndProject
Project("{FAE04EC0-301F-11D3-BF4B-00C04F79EFBC}") = "AWCCUnitTesting.Tests", "AWCCUnitTesting.Tests\AWCCUnitTesting.Tests.csproj", "{2E58C5B6-AFB5-462D-B40B-7DAD2DB7E6A8}"
EndProject
Project("{FAE04EC0-301F-11D3-BF4B-00C04F79EFBC}") = "AWCCUnitTesting.Domain", "AWCCUnitTesting.Domain\AWCCUnitTesting.Domain.csproj", "{BE22986F-F0FC-4CD9-8FC7-C2EE5D402566}"
EndProject
Global
	GlobalSection(SolutionConfigurationPlatforms) = preSolution
		Debug|x64 = Debug|x64
		Release|x64 = Release|x64
	EndGlobalSection
	GlobalSection(ProjectConfigurationPlatforms) = postSolution
		{F9E205AA-3D48-4CA9-83DA-293C4192A3AA}.Debug|x64.ActiveCfg = Debug|x64
		{F9E205AA-3D48-4CA9-83DA-293C4192A3AA}.Debug|x64.Build.0 = Debug|x64
		{F9E205AA-3D48-4CA9-83DA-293C4192A3AA}.Debug|x64.Deploy.0 = Debug|x64
		{F9E205AA-3D48-4CA9-83DA-293C4192A3AA}.Release|x64.ActiveCfg = Release|x64
		{F9E205AA-3D48-4CA9-83DA-293C4192A3AA}.Release|x64.Build.0 = Release|x64
		{F9E205AA-3D48-4CA9-83DA-293C4192A3AA}.Release|x64.Deploy.0 = Release|x64
		{2E58C5B6-AFB5-462D-B40B-7DAD2DB7E6A8}.Debug|x64.ActiveCfg = Debug|x64
		{2E58C5B6-AFB5-462D-B40B-7DAD2DB7E6A8}.Debug|x64.Build.0 = Debug|x64
		{2E58C5B6-AFB5-462D-B40B-7DAD2DB7E6A8}.Debug|x64.Deploy.0 = Debug|x64
		{2E58C5B6-AFB5-462D-B40B-7DAD2DB7E6A8}.Release|x64.ActiveCfg = Release|x64
		{2E58C5B6-AFB5-462D-B40B-7DAD2DB7E6A8}.Release|x64.Build.0 = Release|x64
		{2E58C5B6-AFB5-462D-B40B-7DAD2DB7E6A8}.Release|x64.Deploy.0 = Release|x64
		{BE22986F-F0FC-4CD9-8FC7-C2EE5D402566}.Debug|x64.ActiveCfg = Debug|x64
		{BE22986F-F0FC-4CD9-8FC7-C2EE5D402566}.Debug|x64.Build.0 = Debug|x64
		{BE22986F-F0FC-4CD9-8FC7-C2EE5D402566}.Release|x64.ActiveCfg = Release|x64
		{BE22986F-F0FC-4CD9-8FC7-C2EE5D402566}.Release|x64.Build.0 = Release|x64
	EndGlobalSection
	GlobalSection(SolutionProperties) = preSolution
		HideSolutionNode = FALSE
	EndGlobalSection
	GlobalSection(ExtensibilityGlobals) = postSolution
		SolutionGuid = {1D5676D6-B772-4242-B0F7-F3D693E14EB3}
	EndGlobalSection
EndGlobal
