
Microsoft Visual Studio Solution File, Format Version 12.00
# Visual Studio 15
VisualStudioVersion = 15.0.26403.7
MinimumVisualStudioVersion = 10.0.40219.1
Project("{FAE04EC0-301F-11D3-BF4B-00C04F79EFBC}") = "LoadingExternalPackage", "LoadingExternalPackage\LoadingExternalPackage.csproj", "{E51487C9-6650-4AF6-9A25-537314E80492}"
EndProject
Project("{FAE04EC0-301F-11D3-BF4B-00C04F79EFBC}") = "LoadingExternalPackage.Controls", "LoadingExternalPackage.Controls\LoadingExternalPackage.Controls.csproj", "{58B8EE53-4E6D-4E41-89C1-553D3CD8B75D}"
EndProject
Project("{FAE04EC0-301F-11D3-BF4B-00C04F79EFBC}") = "LoadingExternalPackage.Domain", "LoadingExternalPackage.Domain\LoadingExternalPackage.Domain.csproj", "{BA23C084-F67A-4584-A366-ECE76336B4A6}"
EndProject
Project("{FAE04EC0-301F-11D3-BF4B-00C04F79EFBC}") = "ExtensionOne", "ExtensionOne\ExtensionOne.csproj", "{C47D0904-C9D7-4949-B4A4-43125D63C1E8}"
EndProject
Global
	GlobalSection(SolutionConfigurationPlatforms) = preSolution
		Debug|Any CPU = Debug|Any CPU
		Debug|ARM = Debug|ARM
		Debug|x64 = Debug|x64
		Debug|x86 = Debug|x86
		Release|Any CPU = Release|Any CPU
		Release|ARM = Release|ARM
		Release|x64 = Release|x64
		Release|x86 = Release|x86
	EndGlobalSection
	GlobalSection(ProjectConfigurationPlatforms) = postSolution
		{E51487C9-6650-4AF6-9A25-537314E80492}.Debug|Any CPU.ActiveCfg = Debug|x86
		{E51487C9-6650-4AF6-9A25-537314E80492}.Debug|ARM.ActiveCfg = Debug|ARM
		{E51487C9-6650-4AF6-9A25-537314E80492}.Debug|ARM.Build.0 = Debug|ARM
		{E51487C9-6650-4AF6-9A25-537314E80492}.Debug|ARM.Deploy.0 = Debug|ARM
		{E51487C9-6650-4AF6-9A25-537314E80492}.Debug|x64.ActiveCfg = Debug|x64
		{E51487C9-6650-4AF6-9A25-537314E80492}.Debug|x64.Build.0 = Debug|x64
		{E51487C9-6650-4AF6-9A25-537314E80492}.Debug|x64.Deploy.0 = Debug|x64
		{E51487C9-6650-4AF6-9A25-537314E80492}.Debug|x86.ActiveCfg = Debug|x86
		{E51487C9-6650-4AF6-9A25-537314E80492}.Debug|x86.Build.0 = Debug|x86
		{E51487C9-6650-4AF6-9A25-537314E80492}.Debug|x86.Deploy.0 = Debug|x86
		{E51487C9-6650-4AF6-9A25-537314E80492}.Release|Any CPU.ActiveCfg = Release|x86
		{E51487C9-6650-4AF6-9A25-537314E80492}.Release|ARM.ActiveCfg = Release|ARM
		{E51487C9-6650-4AF6-9A25-537314E80492}.Release|ARM.Build.0 = Release|ARM
		{E51487C9-6650-4AF6-9A25-537314E80492}.Release|ARM.Deploy.0 = Release|ARM
		{E51487C9-6650-4AF6-9A25-537314E80492}.Release|x64.ActiveCfg = Release|x64
		{E51487C9-6650-4AF6-9A25-537314E80492}.Release|x64.Build.0 = Release|x64
		{E51487C9-6650-4AF6-9A25-537314E80492}.Release|x64.Deploy.0 = Release|x64
		{E51487C9-6650-4AF6-9A25-537314E80492}.Release|x86.ActiveCfg = Release|x86
		{E51487C9-6650-4AF6-9A25-537314E80492}.Release|x86.Build.0 = Release|x86
		{E51487C9-6650-4AF6-9A25-537314E80492}.Release|x86.Deploy.0 = Release|x86
		{58B8EE53-4E6D-4E41-89C1-553D3CD8B75D}.Debug|Any CPU.ActiveCfg = Debug|Any CPU
		{58B8EE53-4E6D-4E41-89C1-553D3CD8B75D}.Debug|Any CPU.Build.0 = Debug|Any CPU
		{58B8EE53-4E6D-4E41-89C1-553D3CD8B75D}.Debug|ARM.ActiveCfg = Debug|ARM
		{58B8EE53-4E6D-4E41-89C1-553D3CD8B75D}.Debug|ARM.Build.0 = Debug|ARM
		{58B8EE53-4E6D-4E41-89C1-553D3CD8B75D}.Debug|x64.ActiveCfg = Debug|x64
		{58B8EE53-4E6D-4E41-89C1-553D3CD8B75D}.Debug|x64.Build.0 = Debug|x64
		{58B8EE53-4E6D-4E41-89C1-553D3CD8B75D}.Debug|x86.ActiveCfg = Debug|x86
		{58B8EE53-4E6D-4E41-89C1-553D3CD8B75D}.Debug|x86.Build.0 = Debug|x86
		{58B8EE53-4E6D-4E41-89C1-553D3CD8B75D}.Release|Any CPU.ActiveCfg = Release|Any CPU
		{58B8EE53-4E6D-4E41-89C1-553D3CD8B75D}.Release|Any CPU.Build.0 = Release|Any CPU
		{58B8EE53-4E6D-4E41-89C1-553D3CD8B75D}.Release|ARM.ActiveCfg = Release|ARM
		{58B8EE53-4E6D-4E41-89C1-553D3CD8B75D}.Release|ARM.Build.0 = Release|ARM
		{58B8EE53-4E6D-4E41-89C1-553D3CD8B75D}.Release|x64.ActiveCfg = Release|x64
		{58B8EE53-4E6D-4E41-89C1-553D3CD8B75D}.Release|x64.Build.0 = Release|x64
		{58B8EE53-4E6D-4E41-89C1-553D3CD8B75D}.Release|x86.ActiveCfg = Release|x86
		{58B8EE53-4E6D-4E41-89C1-553D3CD8B75D}.Release|x86.Build.0 = Release|x86
		{BA23C084-F67A-4584-A366-ECE76336B4A6}.Debug|Any CPU.ActiveCfg = Debug|Any CPU
		{BA23C084-F67A-4584-A366-ECE76336B4A6}.Debug|Any CPU.Build.0 = Debug|Any CPU
		{BA23C084-F67A-4584-A366-ECE76336B4A6}.Debug|ARM.ActiveCfg = Debug|ARM
		{BA23C084-F67A-4584-A366-ECE76336B4A6}.Debug|ARM.Build.0 = Debug|ARM
		{BA23C084-F67A-4584-A366-ECE76336B4A6}.Debug|x64.ActiveCfg = Debug|x64
		{BA23C084-F67A-4584-A366-ECE76336B4A6}.Debug|x64.Build.0 = Debug|x64
		{BA23C084-F67A-4584-A366-ECE76336B4A6}.Debug|x86.ActiveCfg = Debug|x86
		{BA23C084-F67A-4584-A366-ECE76336B4A6}.Debug|x86.Build.0 = Debug|x86
		{BA23C084-F67A-4584-A366-ECE76336B4A6}.Release|Any CPU.ActiveCfg = Release|Any CPU
		{BA23C084-F67A-4584-A366-ECE76336B4A6}.Release|Any CPU.Build.0 = Release|Any CPU
		{BA23C084-F67A-4584-A366-ECE76336B4A6}.Release|ARM.ActiveCfg = Release|ARM
		{BA23C084-F67A-4584-A366-ECE76336B4A6}.Release|ARM.Build.0 = Release|ARM
		{BA23C084-F67A-4584-A366-ECE76336B4A6}.Release|x64.ActiveCfg = Release|x64
		{BA23C084-F67A-4584-A366-ECE76336B4A6}.Release|x64.Build.0 = Release|x64
		{BA23C084-F67A-4584-A366-ECE76336B4A6}.Release|x86.ActiveCfg = Release|x86
		{BA23C084-F67A-4584-A366-ECE76336B4A6}.Release|x86.Build.0 = Release|x86
		{C47D0904-C9D7-4949-B4A4-43125D63C1E8}.Debug|Any CPU.ActiveCfg = Debug|x86
		{C47D0904-C9D7-4949-B4A4-43125D63C1E8}.Debug|ARM.ActiveCfg = Debug|ARM
		{C47D0904-C9D7-4949-B4A4-43125D63C1E8}.Debug|ARM.Build.0 = Debug|ARM
		{C47D0904-C9D7-4949-B4A4-43125D63C1E8}.Debug|ARM.Deploy.0 = Debug|ARM
		{C47D0904-C9D7-4949-B4A4-43125D63C1E8}.Debug|x64.ActiveCfg = Debug|x64
		{C47D0904-C9D7-4949-B4A4-43125D63C1E8}.Debug|x64.Build.0 = Debug|x64
		{C47D0904-C9D7-4949-B4A4-43125D63C1E8}.Debug|x64.Deploy.0 = Debug|x64
		{C47D0904-C9D7-4949-B4A4-43125D63C1E8}.Debug|x86.ActiveCfg = Debug|x86
		{C47D0904-C9D7-4949-B4A4-43125D63C1E8}.Debug|x86.Build.0 = Debug|x86
		{C47D0904-C9D7-4949-B4A4-43125D63C1E8}.Debug|x86.Deploy.0 = Debug|x86
		{C47D0904-C9D7-4949-B4A4-43125D63C1E8}.Release|Any CPU.ActiveCfg = Release|x86
		{C47D0904-C9D7-4949-B4A4-43125D63C1E8}.Release|ARM.ActiveCfg = Release|ARM
		{C47D0904-C9D7-4949-B4A4-43125D63C1E8}.Release|ARM.Build.0 = Release|ARM
		{C47D0904-C9D7-4949-B4A4-43125D63C1E8}.Release|ARM.Deploy.0 = Release|ARM
		{C47D0904-C9D7-4949-B4A4-43125D63C1E8}.Release|x64.ActiveCfg = Release|x64
		{C47D0904-C9D7-4949-B4A4-43125D63C1E8}.Release|x64.Build.0 = Release|x64
		{C47D0904-C9D7-4949-B4A4-43125D63C1E8}.Release|x64.Deploy.0 = Release|x64
		{C47D0904-C9D7-4949-B4A4-43125D63C1E8}.Release|x86.ActiveCfg = Release|x86
		{C47D0904-C9D7-4949-B4A4-43125D63C1E8}.Release|x86.Build.0 = Release|x86
		{C47D0904-C9D7-4949-B4A4-43125D63C1E8}.Release|x86.Deploy.0 = Release|x86
	EndGlobalSection
	GlobalSection(SolutionProperties) = preSolution
		HideSolutionNode = FALSE
	EndGlobalSection
EndGlobal
