
Microsoft Visual Studio Solution File, Format Version 12.00
# Visual Studio 2013
VisualStudioVersion = 12.0.31101.0
MinimumVisualStudioVersion = 10.0.40219.1
Project("{FAE04EC0-301F-11D3-BF4B-00C04F79EFBC}") = "AlienAdrenaline", "AlienAdrenaline\AlienAdrenaline.csproj", "{0A7B7DFE-1CB4-46FD-B3DB-6D73C37DF862}"
EndProject
Project("{FAE04EC0-301F-11D3-BF4B-00C04F79EFBC}") = "AlienAdrenaline.Tools", "AlienAdrenaline.Tools\AlienAdrenaline.Tools.csproj", "{0D968092-CE56-4A9E-A08F-85FE31179B68}"
EndProject
Project("{FAE04EC0-301F-11D3-BF4B-00C04F79EFBC}") = "AlienAdrenaline.Domain", "AlienAdrenaline.Domain\AlienAdrenaline.Domain.csproj", "{4B1412B6-621E-4A89-8234-A6DB63AF1F4D}"
EndProject
Project("{FAE04EC0-301F-11D3-BF4B-00C04F79EFBC}") = "AlienAdrenaline.AudioAPI", "AlienAdrenaline.AudioAPI\AlienAdrenaline.AudioAPI.csproj", "{753777BB-86E7-46DC-9C7F-9D8FD7FE776C}"
EndProject
Project("{FAE04EC0-301F-11D3-BF4B-00C04F79EFBC}") = "WindowsIconHelper", "WindowsIconHelper\WindowsIconHelper.csproj", "{92E382A2-74B6-4342-B9D9-BE6843F2CE22}"
EndProject
Project("{FAE04EC0-301F-11D3-BF4B-00C04F79EFBC}") = "AlienAdrenaline.GameModeProcessor", "AlienAdrenaline.GameModeProcessor\AlienAdrenaline.GameModeProcessor.csproj", "{830E407D-4BDD-47A3-B5C1-A6E4CD41D5CB}"
EndProject
Project("{FAE04EC0-301F-11D3-BF4B-00C04F79EFBC}") = "GameDiscoveryHelper", "GameDiscoveryHelper\GameDiscoveryHelper.csproj", "{434CB23C-04B3-4396-A402-974167E32759}"
EndProject
Project("{FAE04EC0-301F-11D3-BF4B-00C04F79EFBC}") = "PerformanceMonitoring.SupportService", "PerformanceMonitoring.SupportService\PerformanceMonitoring.SupportService.csproj", "{9F9BD20E-BA10-4892-8CCF-6748E224844F}"
EndProject
Project("{FAE04EC0-301F-11D3-BF4B-00C04F79EFBC}") = "RealTimePerformanceMonitorRecorder", "RealTimePerformanceMonitorRecorder\RealTimePerformanceMonitorRecorder.csproj", "{EE71B5C5-652A-49A6-90EF-597014CF20A3}"
EndProject
Project("{FAE04EC0-301F-11D3-BF4B-00C04F79EFBC}") = "RTPMGadget", "RTPMGadget\RTPMGadget.csproj", "{2FB57804-F632-49ED-B3E7-AB3E4E396E6B}"
EndProject
Project("{FAE04EC0-301F-11D3-BF4B-00C04F79EFBC}") = "AlienAdrenaline.SupportService", "AlienAdrenaline.SupportService\AlienAdrenaline.SupportService.csproj", "{85871D11-60DC-4378-A8DA-CBA6192510A9}"
EndProject
Project("{FAE04EC0-301F-11D3-BF4B-00C04F79EFBC}") = "AlienAdrenaline.PerformanceMonitoring", "AlienAdrenaline.PerformanceMonitoring\AlienAdrenaline.PerformanceMonitoring.csproj", "{A16C7259-A7B3-4756-A9B2-3DFD8A14CD01}"
EndProject
Global
	GlobalSection(TeamFoundationVersionControl) = preSolution
		SccNumberOfProjects = 13
		SccEnterpriseProvider = {4CA58AB2-18FA-4F8D-95D4-32DDF27D184C}
		SccTeamFoundationServer = http://tfs.dell.com:8080/tfs/engineering
		SccLocalPath0 = .
		SccProjectUniqueName1 = GameDiscoveryHelper\\GameDiscoveryHelper.csproj
		SccProjectName1 = GameDiscoveryHelper
		SccLocalPath1 = GameDiscoveryHelper
		SccProjectUniqueName2 = WindowsIconHelper\\WindowsIconHelper.csproj
		SccProjectName2 = WindowsIconHelper
		SccLocalPath2 = WindowsIconHelper
		SccProjectUniqueName3 = AlienAdrenaline.AudioAPI\\AlienAdrenaline.AudioAPI.csproj
		SccProjectName3 = AlienAdrenaline.AudioAPI
		SccLocalPath3 = AlienAdrenaline.AudioAPI
		SccProjectUniqueName4 = AlienAdrenaline.Domain\\AlienAdrenaline.Domain.csproj
		SccProjectName4 = AlienAdrenaline.Domain
		SccLocalPath4 = AlienAdrenaline.Domain
		SccProjectUniqueName5 = AlienAdrenaline.GameModeProcessor\\AlienAdrenaline.GameModeProcessor.csproj
		SccProjectName5 = AlienAdrenaline.GameModeProcessor
		SccLocalPath5 = AlienAdrenaline.GameModeProcessor
		SccProjectUniqueName6 = AlienAdrenaline.Tools\\AlienAdrenaline.Tools.csproj
		SccProjectName6 = AlienAdrenaline.Tools
		SccLocalPath6 = AlienAdrenaline.Tools
		SccProjectUniqueName7 = AlienAdrenaline\\AlienAdrenaline.csproj
		SccProjectName7 = AlienAdrenaline
		SccLocalPath7 = AlienAdrenaline
		SccProjectUniqueName8 = PerformanceMonitoring.SupportService\\PerformanceMonitoring.SupportService.csproj
		SccProjectName8 = PerformanceMonitoring.SupportService
		SccLocalPath8 = PerformanceMonitoring.SupportService
		SccProjectUniqueName9 = RealTimePerformanceMonitorRecorder\\RealTimePerformanceMonitorRecorder.csproj
		SccProjectName9 = RealTimePerformanceMonitorRecorder
		SccLocalPath9 = RealTimePerformanceMonitorRecorder
		SccProjectUniqueName10 = RTPMGadget\\RTPMGadget.csproj
		SccProjectName10 = RTPMGadget
		SccLocalPath10 = RTPMGadget
		SccProjectUniqueName11 = AlienAdrenaline.SupportService\\AlienAdrenaline.SupportService.csproj
		SccProjectName11 = AlienAdrenaline.SupportService
		SccLocalPath11 = AlienAdrenaline.SupportService
		SccProjectUniqueName12 = AlienAdrenaline.PerformanceMonitoring\\AlienAdrenaline.PerformanceMonitoring.csproj
		SccProjectName12 = AlienAdrenaline.PerformanceMonitoring
		SccLocalPath12 = AlienAdrenaline.PerformanceMonitoring
	EndGlobalSection
	GlobalSection(SolutionConfigurationPlatforms) = preSolution
		Debug|Any CPU = Debug|Any CPU
		Debug|Mixed Platforms = Debug|Mixed Platforms
		Debug|x64 = Debug|x64
		Debug|x86 = Debug|x86
		Release|Any CPU = Release|Any CPU
		Release|Mixed Platforms = Release|Mixed Platforms
		Release|x64 = Release|x64
		Release|x86 = Release|x86
	EndGlobalSection
	GlobalSection(ProjectConfigurationPlatforms) = postSolution
		{0A7B7DFE-1CB4-46FD-B3DB-6D73C37DF862}.Debug|Any CPU.ActiveCfg = Debug|Any CPU
		{0A7B7DFE-1CB4-46FD-B3DB-6D73C37DF862}.Debug|Any CPU.Build.0 = Debug|Any CPU
		{0A7B7DFE-1CB4-46FD-B3DB-6D73C37DF862}.Debug|Mixed Platforms.ActiveCfg = Debug|Any CPU
		{0A7B7DFE-1CB4-46FD-B3DB-6D73C37DF862}.Debug|Mixed Platforms.Build.0 = Debug|Any CPU
		{0A7B7DFE-1CB4-46FD-B3DB-6D73C37DF862}.Debug|x64.ActiveCfg = Debug|Any CPU
		{0A7B7DFE-1CB4-46FD-B3DB-6D73C37DF862}.Debug|x64.Build.0 = Debug|Any CPU
		{0A7B7DFE-1CB4-46FD-B3DB-6D73C37DF862}.Debug|x86.ActiveCfg = Debug|Any CPU
		{0A7B7DFE-1CB4-46FD-B3DB-6D73C37DF862}.Release|Any CPU.ActiveCfg = Release|Any CPU
		{0A7B7DFE-1CB4-46FD-B3DB-6D73C37DF862}.Release|Any CPU.Build.0 = Release|Any CPU
		{0A7B7DFE-1CB4-46FD-B3DB-6D73C37DF862}.Release|Mixed Platforms.ActiveCfg = Release|Any CPU
		{0A7B7DFE-1CB4-46FD-B3DB-6D73C37DF862}.Release|Mixed Platforms.Build.0 = Release|Any CPU
		{0A7B7DFE-1CB4-46FD-B3DB-6D73C37DF862}.Release|x64.ActiveCfg = Release|Any CPU
		{0A7B7DFE-1CB4-46FD-B3DB-6D73C37DF862}.Release|x86.ActiveCfg = Release|Any CPU
		{0D968092-CE56-4A9E-A08F-85FE31179B68}.Debug|Any CPU.ActiveCfg = Debug|Any CPU
		{0D968092-CE56-4A9E-A08F-85FE31179B68}.Debug|Any CPU.Build.0 = Debug|Any CPU
		{0D968092-CE56-4A9E-A08F-85FE31179B68}.Debug|Mixed Platforms.ActiveCfg = Debug|Any CPU
		{0D968092-CE56-4A9E-A08F-85FE31179B68}.Debug|Mixed Platforms.Build.0 = Debug|Any CPU
		{0D968092-CE56-4A9E-A08F-85FE31179B68}.Debug|x64.ActiveCfg = Debug|Any CPU
		{0D968092-CE56-4A9E-A08F-85FE31179B68}.Debug|x86.ActiveCfg = Debug|x86
		{0D968092-CE56-4A9E-A08F-85FE31179B68}.Debug|x86.Build.0 = Debug|x86
		{0D968092-CE56-4A9E-A08F-85FE31179B68}.Release|Any CPU.ActiveCfg = Release|Any CPU
		{0D968092-CE56-4A9E-A08F-85FE31179B68}.Release|Any CPU.Build.0 = Release|Any CPU
		{0D968092-CE56-4A9E-A08F-85FE31179B68}.Release|Mixed Platforms.ActiveCfg = Release|Any CPU
		{0D968092-CE56-4A9E-A08F-85FE31179B68}.Release|Mixed Platforms.Build.0 = Release|Any CPU
		{0D968092-CE56-4A9E-A08F-85FE31179B68}.Release|x64.ActiveCfg = Release|Any CPU
		{0D968092-CE56-4A9E-A08F-85FE31179B68}.Release|x86.ActiveCfg = Release|x86
		{0D968092-CE56-4A9E-A08F-85FE31179B68}.Release|x86.Build.0 = Release|x86
		{4B1412B6-621E-4A89-8234-A6DB63AF1F4D}.Debug|Any CPU.ActiveCfg = Debug|Any CPU
		{4B1412B6-621E-4A89-8234-A6DB63AF1F4D}.Debug|Any CPU.Build.0 = Debug|Any CPU
		{4B1412B6-621E-4A89-8234-A6DB63AF1F4D}.Debug|Mixed Platforms.ActiveCfg = Debug|Any CPU
		{4B1412B6-621E-4A89-8234-A6DB63AF1F4D}.Debug|Mixed Platforms.Build.0 = Debug|Any CPU
		{4B1412B6-621E-4A89-8234-A6DB63AF1F4D}.Debug|x64.ActiveCfg = Debug|Any CPU
		{4B1412B6-621E-4A89-8234-A6DB63AF1F4D}.Debug|x86.ActiveCfg = Debug|Any CPU
		{4B1412B6-621E-4A89-8234-A6DB63AF1F4D}.Release|Any CPU.ActiveCfg = Release|Any CPU
		{4B1412B6-621E-4A89-8234-A6DB63AF1F4D}.Release|Any CPU.Build.0 = Release|Any CPU
		{4B1412B6-621E-4A89-8234-A6DB63AF1F4D}.Release|Mixed Platforms.ActiveCfg = Release|Any CPU
		{4B1412B6-621E-4A89-8234-A6DB63AF1F4D}.Release|Mixed Platforms.Build.0 = Release|Any CPU
		{4B1412B6-621E-4A89-8234-A6DB63AF1F4D}.Release|x64.ActiveCfg = Release|Any CPU
		{4B1412B6-621E-4A89-8234-A6DB63AF1F4D}.Release|x86.ActiveCfg = Release|Any CPU
		{753777BB-86E7-46DC-9C7F-9D8FD7FE776C}.Debug|Any CPU.ActiveCfg = Debug|Any CPU
		{753777BB-86E7-46DC-9C7F-9D8FD7FE776C}.Debug|Any CPU.Build.0 = Debug|Any CPU
		{753777BB-86E7-46DC-9C7F-9D8FD7FE776C}.Debug|Mixed Platforms.ActiveCfg = Debug|Any CPU
		{753777BB-86E7-46DC-9C7F-9D8FD7FE776C}.Debug|Mixed Platforms.Build.0 = Debug|Any CPU
		{753777BB-86E7-46DC-9C7F-9D8FD7FE776C}.Debug|x64.ActiveCfg = Debug|Any CPU
		{753777BB-86E7-46DC-9C7F-9D8FD7FE776C}.Debug|x86.ActiveCfg = Debug|Any CPU
		{753777BB-86E7-46DC-9C7F-9D8FD7FE776C}.Release|Any CPU.ActiveCfg = Release|Any CPU
		{753777BB-86E7-46DC-9C7F-9D8FD7FE776C}.Release|Any CPU.Build.0 = Release|Any CPU
		{753777BB-86E7-46DC-9C7F-9D8FD7FE776C}.Release|Mixed Platforms.ActiveCfg = Release|Any CPU
		{753777BB-86E7-46DC-9C7F-9D8FD7FE776C}.Release|Mixed Platforms.Build.0 = Release|Any CPU
		{753777BB-86E7-46DC-9C7F-9D8FD7FE776C}.Release|x64.ActiveCfg = Release|Any CPU
		{753777BB-86E7-46DC-9C7F-9D8FD7FE776C}.Release|x86.ActiveCfg = Release|Any CPU
		{92E382A2-74B6-4342-B9D9-BE6843F2CE22}.Debug|Any CPU.ActiveCfg = Debug|Any CPU
		{92E382A2-74B6-4342-B9D9-BE6843F2CE22}.Debug|Any CPU.Build.0 = Debug|Any CPU
		{92E382A2-74B6-4342-B9D9-BE6843F2CE22}.Debug|Mixed Platforms.ActiveCfg = Debug|Any CPU
		{92E382A2-74B6-4342-B9D9-BE6843F2CE22}.Debug|Mixed Platforms.Build.0 = Debug|Any CPU
		{92E382A2-74B6-4342-B9D9-BE6843F2CE22}.Debug|x64.ActiveCfg = Debug|Any CPU
		{92E382A2-74B6-4342-B9D9-BE6843F2CE22}.Debug|x86.ActiveCfg = Debug|Any CPU
		{92E382A2-74B6-4342-B9D9-BE6843F2CE22}.Release|Any CPU.ActiveCfg = Release|Any CPU
		{92E382A2-74B6-4342-B9D9-BE6843F2CE22}.Release|Any CPU.Build.0 = Release|Any CPU
		{92E382A2-74B6-4342-B9D9-BE6843F2CE22}.Release|Mixed Platforms.ActiveCfg = Release|Any CPU
		{92E382A2-74B6-4342-B9D9-BE6843F2CE22}.Release|Mixed Platforms.Build.0 = Release|Any CPU
		{92E382A2-74B6-4342-B9D9-BE6843F2CE22}.Release|x64.ActiveCfg = Release|Any CPU
		{92E382A2-74B6-4342-B9D9-BE6843F2CE22}.Release|x86.ActiveCfg = Release|Any CPU
		{830E407D-4BDD-47A3-B5C1-A6E4CD41D5CB}.Debug|Any CPU.ActiveCfg = Debug|Any CPU
		{830E407D-4BDD-47A3-B5C1-A6E4CD41D5CB}.Debug|Any CPU.Build.0 = Debug|Any CPU
		{830E407D-4BDD-47A3-B5C1-A6E4CD41D5CB}.Debug|Mixed Platforms.ActiveCfg = Debug|Any CPU
		{830E407D-4BDD-47A3-B5C1-A6E4CD41D5CB}.Debug|Mixed Platforms.Build.0 = Debug|Any CPU
		{830E407D-4BDD-47A3-B5C1-A6E4CD41D5CB}.Debug|x64.ActiveCfg = Debug|Any CPU
		{830E407D-4BDD-47A3-B5C1-A6E4CD41D5CB}.Debug|x64.Build.0 = Debug|Any CPU
		{830E407D-4BDD-47A3-B5C1-A6E4CD41D5CB}.Debug|x86.ActiveCfg = Debug|x86
		{830E407D-4BDD-47A3-B5C1-A6E4CD41D5CB}.Debug|x86.Build.0 = Debug|x86
		{830E407D-4BDD-47A3-B5C1-A6E4CD41D5CB}.Release|Any CPU.ActiveCfg = Release|Any CPU
		{830E407D-4BDD-47A3-B5C1-A6E4CD41D5CB}.Release|Any CPU.Build.0 = Release|Any CPU
		{830E407D-4BDD-47A3-B5C1-A6E4CD41D5CB}.Release|Mixed Platforms.ActiveCfg = Release|Any CPU
		{830E407D-4BDD-47A3-B5C1-A6E4CD41D5CB}.Release|Mixed Platforms.Build.0 = Release|Any CPU
		{830E407D-4BDD-47A3-B5C1-A6E4CD41D5CB}.Release|x64.ActiveCfg = Release|Any CPU
		{830E407D-4BDD-47A3-B5C1-A6E4CD41D5CB}.Release|x86.ActiveCfg = Release|x86
		{830E407D-4BDD-47A3-B5C1-A6E4CD41D5CB}.Release|x86.Build.0 = Release|x86
		{434CB23C-04B3-4396-A402-974167E32759}.Debug|Any CPU.ActiveCfg = Debug|Any CPU
		{434CB23C-04B3-4396-A402-974167E32759}.Debug|Any CPU.Build.0 = Debug|Any CPU
		{434CB23C-04B3-4396-A402-974167E32759}.Debug|Mixed Platforms.ActiveCfg = Debug|Any CPU
		{434CB23C-04B3-4396-A402-974167E32759}.Debug|Mixed Platforms.Build.0 = Debug|Any CPU
		{434CB23C-04B3-4396-A402-974167E32759}.Debug|x64.ActiveCfg = Debug|Any CPU
		{434CB23C-04B3-4396-A402-974167E32759}.Debug|x86.ActiveCfg = Debug|Any CPU
		{434CB23C-04B3-4396-A402-974167E32759}.Release|Any CPU.ActiveCfg = Release|Any CPU
		{434CB23C-04B3-4396-A402-974167E32759}.Release|Any CPU.Build.0 = Release|Any CPU
		{434CB23C-04B3-4396-A402-974167E32759}.Release|Mixed Platforms.ActiveCfg = Release|Any CPU
		{434CB23C-04B3-4396-A402-974167E32759}.Release|Mixed Platforms.Build.0 = Release|Any CPU
		{434CB23C-04B3-4396-A402-974167E32759}.Release|x64.ActiveCfg = Release|Any CPU
		{434CB23C-04B3-4396-A402-974167E32759}.Release|x86.ActiveCfg = Release|Any CPU
		{9F9BD20E-BA10-4892-8CCF-6748E224844F}.Debug|Any CPU.ActiveCfg = Debug|Any CPU
		{9F9BD20E-BA10-4892-8CCF-6748E224844F}.Debug|Any CPU.Build.0 = Debug|Any CPU
		{9F9BD20E-BA10-4892-8CCF-6748E224844F}.Debug|Mixed Platforms.ActiveCfg = Debug|Any CPU
		{9F9BD20E-BA10-4892-8CCF-6748E224844F}.Debug|Mixed Platforms.Build.0 = Debug|Any CPU
		{9F9BD20E-BA10-4892-8CCF-6748E224844F}.Debug|x64.ActiveCfg = Debug|Any CPU
		{9F9BD20E-BA10-4892-8CCF-6748E224844F}.Debug|x86.ActiveCfg = Debug|Any CPU
		{9F9BD20E-BA10-4892-8CCF-6748E224844F}.Release|Any CPU.ActiveCfg = Release|Any CPU
		{9F9BD20E-BA10-4892-8CCF-6748E224844F}.Release|Any CPU.Build.0 = Release|Any CPU
		{9F9BD20E-BA10-4892-8CCF-6748E224844F}.Release|Mixed Platforms.ActiveCfg = Release|Any CPU
		{9F9BD20E-BA10-4892-8CCF-6748E224844F}.Release|Mixed Platforms.Build.0 = Release|Any CPU
		{9F9BD20E-BA10-4892-8CCF-6748E224844F}.Release|x64.ActiveCfg = Release|Any CPU
		{9F9BD20E-BA10-4892-8CCF-6748E224844F}.Release|x86.ActiveCfg = Release|Any CPU
		{EE71B5C5-652A-49A6-90EF-597014CF20A3}.Debug|Any CPU.ActiveCfg = Debug|Any CPU
		{EE71B5C5-652A-49A6-90EF-597014CF20A3}.Debug|Any CPU.Build.0 = Debug|Any CPU
		{EE71B5C5-652A-49A6-90EF-597014CF20A3}.Debug|Mixed Platforms.ActiveCfg = Debug|x86
		{EE71B5C5-652A-49A6-90EF-597014CF20A3}.Debug|Mixed Platforms.Build.0 = Debug|x86
		{EE71B5C5-652A-49A6-90EF-597014CF20A3}.Debug|x64.ActiveCfg = Debug|Any CPU
		{EE71B5C5-652A-49A6-90EF-597014CF20A3}.Debug|x86.ActiveCfg = Debug|x86
		{EE71B5C5-652A-49A6-90EF-597014CF20A3}.Debug|x86.Build.0 = Debug|x86
		{EE71B5C5-652A-49A6-90EF-597014CF20A3}.Release|Any CPU.ActiveCfg = Release|Any CPU
		{EE71B5C5-652A-49A6-90EF-597014CF20A3}.Release|Any CPU.Build.0 = Release|Any CPU
		{EE71B5C5-652A-49A6-90EF-597014CF20A3}.Release|Mixed Platforms.ActiveCfg = Release|x86
		{EE71B5C5-652A-49A6-90EF-597014CF20A3}.Release|Mixed Platforms.Build.0 = Release|x86
		{EE71B5C5-652A-49A6-90EF-597014CF20A3}.Release|x64.ActiveCfg = Release|Any CPU
		{EE71B5C5-652A-49A6-90EF-597014CF20A3}.Release|x86.ActiveCfg = Release|x86
		{EE71B5C5-652A-49A6-90EF-597014CF20A3}.Release|x86.Build.0 = Release|x86
		{2FB57804-F632-49ED-B3E7-AB3E4E396E6B}.Debug|Any CPU.ActiveCfg = Debug|Any CPU
		{2FB57804-F632-49ED-B3E7-AB3E4E396E6B}.Debug|Any CPU.Build.0 = Debug|Any CPU
		{2FB57804-F632-49ED-B3E7-AB3E4E396E6B}.Debug|Mixed Platforms.ActiveCfg = Debug|x86
		{2FB57804-F632-49ED-B3E7-AB3E4E396E6B}.Debug|Mixed Platforms.Build.0 = Debug|x86
		{2FB57804-F632-49ED-B3E7-AB3E4E396E6B}.Debug|x64.ActiveCfg = Debug|Any CPU
		{2FB57804-F632-49ED-B3E7-AB3E4E396E6B}.Debug|x86.ActiveCfg = Debug|x86
		{2FB57804-F632-49ED-B3E7-AB3E4E396E6B}.Debug|x86.Build.0 = Debug|x86
		{2FB57804-F632-49ED-B3E7-AB3E4E396E6B}.Release|Any CPU.ActiveCfg = Release|Any CPU
		{2FB57804-F632-49ED-B3E7-AB3E4E396E6B}.Release|Any CPU.Build.0 = Release|Any CPU
		{2FB57804-F632-49ED-B3E7-AB3E4E396E6B}.Release|Mixed Platforms.ActiveCfg = Release|x86
		{2FB57804-F632-49ED-B3E7-AB3E4E396E6B}.Release|Mixed Platforms.Build.0 = Release|x86
		{2FB57804-F632-49ED-B3E7-AB3E4E396E6B}.Release|x64.ActiveCfg = Release|Any CPU
		{2FB57804-F632-49ED-B3E7-AB3E4E396E6B}.Release|x86.ActiveCfg = Release|x86
		{2FB57804-F632-49ED-B3E7-AB3E4E396E6B}.Release|x86.Build.0 = Release|x86
		{85871D11-60DC-4378-A8DA-CBA6192510A9}.Debug|Any CPU.ActiveCfg = Debug|Any CPU
		{85871D11-60DC-4378-A8DA-CBA6192510A9}.Debug|Any CPU.Build.0 = Debug|Any CPU
		{85871D11-60DC-4378-A8DA-CBA6192510A9}.Debug|Mixed Platforms.ActiveCfg = Debug|Any CPU
		{85871D11-60DC-4378-A8DA-CBA6192510A9}.Debug|Mixed Platforms.Build.0 = Debug|Any CPU
		{85871D11-60DC-4378-A8DA-CBA6192510A9}.Debug|x64.ActiveCfg = Debug|Any CPU
		{85871D11-60DC-4378-A8DA-CBA6192510A9}.Debug|x86.ActiveCfg = Debug|Any CPU
		{85871D11-60DC-4378-A8DA-CBA6192510A9}.Release|Any CPU.ActiveCfg = Release|Any CPU
		{85871D11-60DC-4378-A8DA-CBA6192510A9}.Release|Any CPU.Build.0 = Release|Any CPU
		{85871D11-60DC-4378-A8DA-CBA6192510A9}.Release|Mixed Platforms.ActiveCfg = Release|Any CPU
		{85871D11-60DC-4378-A8DA-CBA6192510A9}.Release|Mixed Platforms.Build.0 = Release|Any CPU
		{85871D11-60DC-4378-A8DA-CBA6192510A9}.Release|x64.ActiveCfg = Release|Any CPU
		{85871D11-60DC-4378-A8DA-CBA6192510A9}.Release|x86.ActiveCfg = Release|Any CPU
		{A16C7259-A7B3-4756-A9B2-3DFD8A14CD01}.Debug|Any CPU.ActiveCfg = Debug|Any CPU
		{A16C7259-A7B3-4756-A9B2-3DFD8A14CD01}.Debug|Any CPU.Build.0 = Debug|Any CPU
		{A16C7259-A7B3-4756-A9B2-3DFD8A14CD01}.Debug|Mixed Platforms.ActiveCfg = Debug|Any CPU
		{A16C7259-A7B3-4756-A9B2-3DFD8A14CD01}.Debug|Mixed Platforms.Build.0 = Debug|Any CPU
		{A16C7259-A7B3-4756-A9B2-3DFD8A14CD01}.Debug|x64.ActiveCfg = Debug|Any CPU
		{A16C7259-A7B3-4756-A9B2-3DFD8A14CD01}.Debug|x86.ActiveCfg = Debug|Any CPU
		{A16C7259-A7B3-4756-A9B2-3DFD8A14CD01}.Release|Any CPU.ActiveCfg = Release|Any CPU
		{A16C7259-A7B3-4756-A9B2-3DFD8A14CD01}.Release|Any CPU.Build.0 = Release|Any CPU
		{A16C7259-A7B3-4756-A9B2-3DFD8A14CD01}.Release|Mixed Platforms.ActiveCfg = Release|Any CPU
		{A16C7259-A7B3-4756-A9B2-3DFD8A14CD01}.Release|Mixed Platforms.Build.0 = Release|Any CPU
		{A16C7259-A7B3-4756-A9B2-3DFD8A14CD01}.Release|x64.ActiveCfg = Release|Any CPU
		{A16C7259-A7B3-4756-A9B2-3DFD8A14CD01}.Release|x86.ActiveCfg = Release|Any CPU
	EndGlobalSection
	GlobalSection(SolutionProperties) = preSolution
		HideSolutionNode = FALSE
	EndGlobalSection
EndGlobal
